version = 1
revision = 1
requires-python = ">=3.10"

[[package]]
name = "click"
version = "8.2.1"
source = { registry = "https://pypi.org/simple" }
dependencies = [
    { name = "colorama", marker = "sys_platform == 'win32'" },
]
sdist = { url = "https://files.pythonhosted.org/packages/60/6c/8ca2efa64cf75a977a0d7fac081354553ebe483345c734fb6b6515d96bbc/click-8.2.1.tar.gz", hash = "sha256:27c491cc05d968d271d5a1db13e3b5a184636d9d930f148c50b038f0d0646202", size = 286342 }
wheels = [
    { url = "https://files.pythonhosted.org/packages/85/32/10bb5764d90a8eee674e9dc6f4db6a0ab47c8c4d0d83c27f7c39ac415a4d/click-8.2.1-py3-none-any.whl", hash = "sha256:61a3265b914e850b85317d0b3109c7f8cd35a670f963866005d6ef1d5175a12b", size = 102215 },
]

[[package]]
name = "colorama"
version = "0.4.6"
source = { registry = "https://pypi.org/simple" }
sdist = { url = "https://files.pythonhosted.org/packages/d8/53/6f443c9a4a8358a93a6792e2acffb9d9d5cb0a5cfd8802644b7b1c9a02e4/colorama-0.4.6.tar.gz", hash = "sha256:08695f5cb7ed6e0531a20572697297273c47b8cae5a63ffc6d6ed5c201be6e44", size = 27697 }
wheels = [
    { url = "https://files.pythonhosted.org/packages/d1/d6/3965ed04c63042e047cb6a3e6ed1a63a35087b6a609aa3a15ed8ac56c221/colorama-0.4.6-py2.py3-none-any.whl", hash = "sha256:4f1d9991f5acc0ca119f9d443620b77f9d6b33703e51011c16baf57afb285fc6", size = 25335 },
]

[[package]]
name = "jsonpath-ng"
version = "1.7.0"
source = { registry = "https://pypi.org/simple" }
dependencies = [
    { name = "ply" },
]
sdist = { url = "https://files.pythonhosted.org/packages/6d/86/08646239a313f895186ff0a4573452038eed8c86f54380b3ebac34d32fb2/jsonpath-ng-1.7.0.tar.gz", hash = "sha256:f6f5f7fd4e5ff79c785f1573b394043b39849fb2bb47bcead935d12b00beab3c", size = 37838 }
wheels = [
    { url = "https://files.pythonhosted.org/packages/35/5a/73ecb3d82f8615f32ccdadeb9356726d6cae3a4bbc840b437ceb95708063/jsonpath_ng-1.7.0-py3-none-any.whl", hash = "sha256:f3d7f9e848cba1b6da28c55b1c26ff915dc9e0b1ba7e752a53d6da8d5cbd00b6", size = 30105 },
]

[[package]]
name = "ndjson"
version = "0.3.1"
source = { registry = "https://pypi.org/simple" }
sdist = { url = "https://files.pythonhosted.org/packages/b4/d5/209b6ca94566f9c94c0ec41cee1681c0a3b92a306a84a9b0fcd662088dc3/ndjson-0.3.1.tar.gz", hash = "sha256:bf9746cb6bb1cb53d172cda7f154c07c786d665ff28341e4e689b796b229e5d6", size = 6448 }
wheels = [
    { url = "https://files.pythonhosted.org/packages/70/c9/04ba0056011ba96a58163ebfd666d8385300bd12da1afe661a5a147758d7/ndjson-0.3.1-py2.py3-none-any.whl", hash = "sha256:839c22275e6baa3040077b83c005ac24199b94973309a8a1809be962c753a410", size = 5305 },
]

[[package]]
name = "orjson"
version = "3.11.2"
source = { registry = "https://pypi.org/simple" }
sdist = { url = "https://files.pythonhosted.org/packages/df/1d/5e0ae38788bdf0721326695e65fdf41405ed535f633eb0df0f06f57552fa/orjson-3.11.2.tar.gz", hash = "sha256:91bdcf5e69a8fd8e8bdb3de32b31ff01d2bd60c1e8d5fe7d5afabdcf19920309", size = 5470739 }
wheels = [
    { url = "https://files.pythonhosted.org/packages/a1/7b/7aebe925c6b1c46c8606a960fe1d6b681fccd4aaf3f37cd647c3309d6582/orjson-3.11.2-cp310-cp310-macosx_10_15_x86_64.macosx_11_0_arm64.macosx_10_15_universal2.whl", hash = "sha256:d6b8a78c33496230a60dc9487118c284c15ebdf6724386057239641e1eb69761", size = 226896 },
    { url = "https://files.pythonhosted.org/packages/7d/39/c952c9b0d51063e808117dd1e53668a2e4325cc63cfe7df453d853ee8680/orjson-3.11.2-cp310-cp310-manylinux_2_17_aarch64.manylinux2014_aarch64.whl", hash = "sha256:cc04036eeae11ad4180d1f7b5faddb5dab1dee49ecd147cd431523869514873b", size = 111845 },
    { url = "https://files.pythonhosted.org/packages/f5/dc/90b7f29be38745eeacc30903b693f29fcc1097db0c2a19a71ffb3e9f2a5f/orjson-3.11.2-cp310-cp310-manylinux_2_17_armv7l.manylinux2014_armv7l.whl", hash = "sha256:9c04325839c5754c253ff301cee8aaed7442d974860a44447bb3be785c411c27", size = 116395 },
    { url = "https://files.pythonhosted.org/packages/10/c2/fe84ba63164c22932b8d59b8810e2e58590105293a259e6dd1bfaf3422c9/orjson-3.11.2-cp310-cp310-manylinux_2_17_i686.manylinux2014_i686.whl", hash = "sha256:32769e04cd7fdc4a59854376211145a1bbbc0aea5e9d6c9755d3d3c301d7c0df", size = 118768 },
    { url = "https://files.pythonhosted.org/packages/a9/ce/d9748ec69b1a4c29b8e2bab8233e8c41c583c69f515b373f1fb00247d8c9/orjson-3.11.2-cp310-cp310-manylinux_2_17_ppc64le.manylinux2014_ppc64le.whl", hash = "sha256:0ff285d14917ea1408a821786e3677c5261fa6095277410409c694b8e7720ae0", size = 120887 },
    { url = "https://files.pythonhosted.org/packages/c1/66/b90fac8e4a76e83f981912d7f9524d402b31f6c1b8bff3e498aa321c326c/orjson-3.11.2-cp310-cp310-manylinux_2_17_s390x.manylinux2014_s390x.whl", hash = "sha256:2662f908114864b63ff75ffe6ffacf996418dd6cc25e02a72ad4bda81b1ec45a", size = 123650 },
    { url = "https://files.pythonhosted.org/packages/33/81/56143898d1689c7f915ac67703efb97e8f2f8d5805ce8c2c3fd0f2bb6e3d/orjson-3.11.2-cp310-cp310-manylinux_2_17_x86_64.manylinux2014_x86_64.whl", hash = "sha256:ab463cf5d08ad6623a4dac1badd20e88a5eb4b840050c4812c782e3149fe2334", size = 121287 },
    { url = "https://files.pythonhosted.org/packages/80/de/f9c6d00c127be766a3739d0d85b52a7c941e437d8dd4d573e03e98d0f89c/orjson-3.11.2-cp310-cp310-musllinux_1_2_aarch64.whl", hash = "sha256:64414241bde943cbf3c00d45fcb5223dca6d9210148ba984aae6b5d63294502b", size = 119637 },
    { url = "https://files.pythonhosted.org/packages/67/4c/ab70c7627022d395c1b4eb5badf6196b7144e82b46a3a17ed2354f9e592d/orjson-3.11.2-cp310-cp310-musllinux_1_2_armv7l.whl", hash = "sha256:7773e71c0ae8c9660192ff144a3d69df89725325e3d0b6a6bb2c50e5ebaf9b84", size = 392478 },
    { url = "https://files.pythonhosted.org/packages/77/91/d890b873b69311db4fae2624c5603c437df9c857fb061e97706dac550a77/orjson-3.11.2-cp310-cp310-musllinux_1_2_i686.whl", hash = "sha256:652ca14e283b13ece35bf3a86503c25592f294dbcfc5bb91b20a9c9a62a3d4be", size = 134343 },
    { url = "https://files.pythonhosted.org/packages/47/16/1aa248541b4830274a079c4aeb2aa5d1ff17c3f013b1d0d8d16d0848f3de/orjson-3.11.2-cp310-cp310-musllinux_1_2_x86_64.whl", hash = "sha256:26e99e98df8990ecfe3772bbdd7361f602149715c2cbc82e61af89bfad9528a4", size = 123887 },
    { url = "https://files.pythonhosted.org/packages/95/e4/7419833c55ac8b5f385d00c02685a260da1f391e900fc5c3e0b797e0d506/orjson-3.11.2-cp310-cp310-win32.whl", hash = "sha256:5814313b3e75a2be7fe6c7958201c16c4560e21a813dbad25920752cecd6ad66", size = 124560 },
    { url = "https://files.pythonhosted.org/packages/74/f8/27ca7ef3e194c462af32ce1883187f5ec483650c559166f0de59c4c2c5f0/orjson-3.11.2-cp310-cp310-win_amd64.whl", hash = "sha256:dc471ce2225ab4c42ca672f70600d46a8b8e28e8d4e536088c1ccdb1d22b35ce", size = 119700 },
    { url = "https://files.pythonhosted.org/packages/78/7d/e295df1ac9920cbb19fb4c1afa800e86f175cb657143aa422337270a4782/orjson-3.11.2-cp311-cp311-macosx_10_15_x86_64.macosx_11_0_arm64.macosx_10_15_universal2.whl", hash = "sha256:888b64ef7eaeeff63f773881929434a5834a6a140a63ad45183d59287f07fc6a", size = 226502 },
    { url = "https://files.pythonhosted.org/packages/65/21/ffb0f10ea04caf418fb4e7ad1fda4b9ab3179df9d7a33b69420f191aadd5/orjson-3.11.2-cp311-cp311-macosx_15_0_arm64.whl", hash = "sha256:83387cc8b26c9fa0ae34d1ea8861a7ae6cff8fb3e346ab53e987d085315a728e", size = 115999 },
    { url = "https://files.pythonhosted.org/packages/90/d5/8da1e252ac3353d92e6f754ee0c85027c8a2cda90b6899da2be0df3ef83d/orjson-3.11.2-cp311-cp311-manylinux_2_17_aarch64.manylinux2014_aarch64.whl", hash = "sha256:d7e35f003692c216d7ee901b6b916b5734d6fc4180fcaa44c52081f974c08e17", size = 111563 },
    { url = "https://files.pythonhosted.org/packages/4f/81/baabc32e52c570b0e4e1044b1bd2ccbec965e0de3ba2c13082255efa2006/orjson-3.11.2-cp311-cp311-manylinux_2_17_armv7l.manylinux2014_armv7l.whl", hash = "sha256:4a0a4c29ae90b11d0c00bcc31533854d89f77bde2649ec602f512a7e16e00640", size = 116222 },
    { url = "https://files.pythonhosted.org/packages/8d/b7/da2ad55ad80b49b560dce894c961477d0e76811ee6e614b301de9f2f8728/orjson-3.11.2-cp311-cp311-manylinux_2_17_i686.manylinux2014_i686.whl", hash = "sha256:585d712b1880f68370108bc5534a257b561672d1592fae54938738fe7f6f1e33", size = 118594 },
    { url = "https://files.pythonhosted.org/packages/61/be/014f7eab51449f3c894aa9bbda2707b5340c85650cb7d0db4ec9ae280501/orjson-3.11.2-cp311-cp311-manylinux_2_17_ppc64le.manylinux2014_ppc64le.whl", hash = "sha256:d08e342a7143f8a7c11f1c4033efe81acbd3c98c68ba1b26b96080396019701f", size = 120700 },
    { url = "https://files.pythonhosted.org/packages/cf/ae/c217903a30c51341868e2d8c318c59a8413baa35af54d7845071c8ccd6fe/orjson-3.11.2-cp311-cp311-manylinux_2_17_s390x.manylinux2014_s390x.whl", hash = "sha256:29c0f84fc50398773a702732c87cd622737bf11c0721e6db3041ac7802a686fb", size = 123433 },
    { url = "https://files.pythonhosted.org/packages/57/c2/b3c346f78b1ff2da310dd300cb0f5d32167f872b4d3bb1ad122c889d97b0/orjson-3.11.2-cp311-cp311-manylinux_2_17_x86_64.manylinux2014_x86_64.whl", hash = "sha256:140f84e3c8d4c142575898c91e3981000afebf0333df753a90b3435d349a5fe5", size = 121061 },
    { url = "https://files.pythonhosted.org/packages/00/c8/c97798f6010327ffc75ad21dd6bca11ea2067d1910777e798c2849f1c68f/orjson-3.11.2-cp311-cp311-musllinux_1_2_aarch64.whl", hash = "sha256:96304a2b7235e0f3f2d9363ddccdbfb027d27338722fe469fe656832a017602e", size = 119410 },
    { url = "https://files.pythonhosted.org/packages/37/fd/df720f7c0e35694617b7f95598b11a2cb0374661d8389703bea17217da53/orjson-3.11.2-cp311-cp311-musllinux_1_2_armv7l.whl", hash = "sha256:3d7612bb227d5d9582f1f50a60bd55c64618fc22c4a32825d233a4f2771a428a", size = 392294 },
    { url = "https://files.pythonhosted.org/packages/ba/52/0120d18f60ab0fe47531d520372b528a45c9a25dcab500f450374421881c/orjson-3.11.2-cp311-cp311-musllinux_1_2_i686.whl", hash = "sha256:a134587d18fe493befc2defffef2a8d27cfcada5696cb7234de54a21903ae89a", size = 134134 },
    { url = "https://files.pythonhosted.org/packages/ec/10/1f967671966598366de42f07e92b0fc694ffc66eafa4b74131aeca84915f/orjson-3.11.2-cp311-cp311-musllinux_1_2_x86_64.whl", hash = "sha256:0b84455e60c4bc12c1e4cbaa5cfc1acdc7775a9da9cec040e17232f4b05458bd", size = 123745 },
    { url = "https://files.pythonhosted.org/packages/43/eb/76081238671461cfd0f47e0c24f408ffa66184237d56ef18c33e86abb612/orjson-3.11.2-cp311-cp311-win32.whl", hash = "sha256:f0660efeac223f0731a70884e6914a5f04d613b5ae500744c43f7bf7b78f00f9", size = 124393 },
    { url = "https://files.pythonhosted.org/packages/26/76/cc598c1811ba9ba935171267b02e377fc9177489efce525d478a2999d9cc/orjson-3.11.2-cp311-cp311-win_amd64.whl", hash = "sha256:955811c8405251d9e09cbe8606ad8fdef49a451bcf5520095a5ed38c669223d8", size = 119561 },
    { url = "https://files.pythonhosted.org/packages/d8/17/c48011750f0489006f7617b0a3cebc8230f36d11a34e7e9aca2085f07792/orjson-3.11.2-cp311-cp311-win_arm64.whl", hash = "sha256:2e4d423a6f838552e3a6d9ec734b729f61f88b1124fd697eab82805ea1a2a97d", size = 114186 },
    { url = "https://files.pythonhosted.org/packages/40/02/46054ebe7996a8adee9640dcad7d39d76c2000dc0377efa38e55dc5cbf78/orjson-3.11.2-cp312-cp312-macosx_10_15_x86_64.macosx_11_0_arm64.macosx_10_15_universal2.whl", hash = "sha256:901d80d349d8452162b3aa1afb82cec5bee79a10550660bc21311cc61a4c5486", size = 226528 },
    { url = "https://files.pythonhosted.org/packages/e2/c6/6b6f0b4d8aea1137436546b990f71be2cd8bd870aa2f5aa14dba0fcc95dc/orjson-3.11.2-cp312-cp312-macosx_15_0_arm64.whl", hash = "sha256:cf3bd3967a360e87ee14ed82cb258b7f18c710dacf3822fb0042a14313a673a1", size = 115931 },
    { url = "https://files.pythonhosted.org/packages/ae/05/4205cc97c30e82a293dd0d149b1a89b138ebe76afeca66fc129fa2aa4e6a/orjson-3.11.2-cp312-cp312-manylinux_2_17_aarch64.manylinux2014_aarch64.whl", hash = "sha256:26693dde66910078229a943e80eeb99fdce6cd2c26277dc80ead9f3ab97d2131", size = 111382 },
    { url = "https://files.pythonhosted.org/packages/50/c7/b8a951a93caa821f9272a7c917115d825ae2e4e8768f5ddf37968ec9de01/orjson-3.11.2-cp312-cp312-manylinux_2_17_armv7l.manylinux2014_armv7l.whl", hash = "sha256:4ad4c8acb50a28211c33fc7ef85ddf5cb18d4636a5205fd3fa2dce0411a0e30c", size = 116271 },
    { url = "https://files.pythonhosted.org/packages/17/03/1006c7f8782d5327439e26d9b0ec66500ea7b679d4bbb6b891d2834ab3ee/orjson-3.11.2-cp312-cp312-manylinux_2_17_i686.manylinux2014_i686.whl", hash = "sha256:994181e7f1725bb5f2d481d7d228738e0743b16bf319ca85c29369c65913df14", size = 119086 },
    { url = "https://files.pythonhosted.org/packages/44/61/57d22bc31f36a93878a6f772aea76b2184102c6993dea897656a66d18c74/orjson-3.11.2-cp312-cp312-manylinux_2_17_ppc64le.manylinux2014_ppc64le.whl", hash = "sha256:dbb79a0476393c07656b69c8e763c3cc925fa8e1d9e9b7d1f626901bb5025448", size = 120724 },
    { url = "https://files.pythonhosted.org/packages/78/a9/4550e96b4c490c83aea697d5347b8f7eb188152cd7b5a38001055ca5b379/orjson-3.11.2-cp312-cp312-manylinux_2_17_s390x.manylinux2014_s390x.whl", hash = "sha256:191ed27a1dddb305083d8716af413d7219f40ec1d4c9b0e977453b4db0d6fb6c", size = 123577 },
    { url = "https://files.pythonhosted.org/packages/3a/86/09b8cb3ebd513d708ef0c92d36ac3eebda814c65c72137b0a82d6d688fc4/orjson-3.11.2-cp312-cp312-manylinux_2_17_x86_64.manylinux2014_x86_64.whl", hash = "sha256:0afb89f16f07220183fd00f5f297328ed0a68d8722ad1b0c8dcd95b12bc82804", size = 121195 },
    { url = "https://files.pythonhosted.org/packages/37/68/7b40b39ac2c1c644d4644e706d0de6c9999764341cd85f2a9393cb387661/orjson-3.11.2-cp312-cp312-musllinux_1_2_aarch64.whl", hash = "sha256:6ab6e6b4e93b1573a026b6ec16fca9541354dd58e514b62c558b58554ae04307", size = 119234 },
    { url = "https://files.pythonhosted.org/packages/40/7c/bb6e7267cd80c19023d44d8cbc4ea4ed5429fcd4a7eb9950f50305697a28/orjson-3.11.2-cp312-cp312-musllinux_1_2_armv7l.whl", hash = "sha256:9cb23527efb61fb75527df55d20ee47989c4ee34e01a9c98ee9ede232abf6219", size = 392250 },
    { url = "https://files.pythonhosted.org/packages/64/f2/6730ace05583dbca7c1b406d59f4266e48cd0d360566e71482420fb849fc/orjson-3.11.2-cp312-cp312-musllinux_1_2_i686.whl", hash = "sha256:a4dd1268e4035af21b8a09e4adf2e61f87ee7bf63b86d7bb0a237ac03fad5b45", size = 134572 },
    { url = "https://files.pythonhosted.org/packages/96/0f/7d3e03a30d5aac0432882b539a65b8c02cb6dd4221ddb893babf09c424cc/orjson-3.11.2-cp312-cp312-musllinux_1_2_x86_64.whl", hash = "sha256:ff8b155b145eaf5a9d94d2c476fbe18d6021de93cf36c2ae2c8c5b775763f14e", size = 123869 },
    { url = "https://files.pythonhosted.org/packages/45/80/1513265eba6d4a960f078f4b1d2bff94a571ab2d28c6f9835e03dfc65cc6/orjson-3.11.2-cp312-cp312-win32.whl", hash = "sha256:ae3bb10279d57872f9aba68c9931aa71ed3b295fa880f25e68da79e79453f46e", size = 124430 },
    { url = "https://files.pythonhosted.org/packages/fb/61/eadf057b68a332351eeb3d89a4cc538d14f31cd8b5ec1b31a280426ccca2/orjson-3.11.2-cp312-cp312-win_amd64.whl", hash = "sha256:d026e1967239ec11a2559b4146a61d13914504b396f74510a1c4d6b19dfd8732", size = 119598 },
    { url = "https://files.pythonhosted.org/packages/6b/3f/7f4b783402143d965ab7e9a2fc116fdb887fe53bdce7d3523271cd106098/orjson-3.11.2-cp312-cp312-win_arm64.whl", hash = "sha256:59f8d5ad08602711af9589375be98477d70e1d102645430b5a7985fdbf613b36", size = 114052 },
    { url = "https://files.pythonhosted.org/packages/c2/f3/0dd6b4750eb556ae4e2c6a9cb3e219ec642e9c6d95f8ebe5dc9020c67204/orjson-3.11.2-cp313-cp313-macosx_10_15_x86_64.macosx_11_0_arm64.macosx_10_15_universal2.whl", hash = "sha256:a079fdba7062ab396380eeedb589afb81dc6683f07f528a03b6f7aae420a0219", size = 226419 },
    { url = "https://files.pythonhosted.org/packages/44/d5/e67f36277f78f2af8a4690e0c54da6b34169812f807fd1b4bfc4dbcf9558/orjson-3.11.2-cp313-cp313-macosx_15_0_arm64.whl", hash = "sha256:6a5f62ebbc530bb8bb4b1ead103647b395ba523559149b91a6c545f7cd4110ad", size = 115803 },
    { url = "https://files.pythonhosted.org/packages/24/37/ff8bc86e0dacc48f07c2b6e20852f230bf4435611bab65e3feae2b61f0ae/orjson-3.11.2-cp313-cp313-manylinux_2_17_aarch64.manylinux2014_aarch64.whl", hash = "sha256:d7df6c7b8b0931feb3420b72838c3e2ba98c228f7aa60d461bc050cf4ca5f7b2", size = 111337 },
    { url = "https://files.pythonhosted.org/packages/b9/25/37d4d3e8079ea9784ea1625029988e7f4594ce50d4738b0c1e2bf4a9e201/orjson-3.11.2-cp313-cp313-manylinux_2_17_armv7l.manylinux2014_armv7l.whl", hash = "sha256:6f59dfea7da1fced6e782bb3699718088b1036cb361f36c6e4dd843c5111aefe", size = 116222 },
    { url = "https://files.pythonhosted.org/packages/b7/32/a63fd9c07fce3b4193dcc1afced5dd4b0f3a24e27556604e9482b32189c9/orjson-3.11.2-cp313-cp313-manylinux_2_17_i686.manylinux2014_i686.whl", hash = "sha256:edf49146520fef308c31aa4c45b9925fd9c7584645caca7c0c4217d7900214ae", size = 119020 },
    { url = "https://files.pythonhosted.org/packages/b4/b6/400792b8adc3079a6b5d649264a3224d6342436d9fac9a0ed4abc9dc4596/orjson-3.11.2-cp313-cp313-manylinux_2_17_ppc64le.manylinux2014_ppc64le.whl", hash = "sha256:50995bbeb5d41a32ad15e023305807f561ac5dcd9bd41a12c8d8d1d2c83e44e6", size = 120721 },
    { url = "https://files.pythonhosted.org/packages/40/f3/31ab8f8c699eb9e65af8907889a0b7fef74c1d2b23832719a35da7bb0c58/orjson-3.11.2-cp313-cp313-manylinux_2_17_s390x.manylinux2014_s390x.whl", hash = "sha256:2cc42960515076eb639b705f105712b658c525863d89a1704d984b929b0577d1", size = 123574 },
    { url = "https://files.pythonhosted.org/packages/bd/a6/ce4287c412dff81878f38d06d2c80845709c60012ca8daf861cb064b4574/orjson-3.11.2-cp313-cp313-manylinux_2_17_x86_64.manylinux2014_x86_64.whl", hash = "sha256:c56777cab2a7b2a8ea687fedafb84b3d7fdafae382165c31a2adf88634c432fa", size = 121225 },
    { url = "https://files.pythonhosted.org/packages/69/b0/7a881b2aef4fed0287d2a4fbb029d01ed84fa52b4a68da82bdee5e50598e/orjson-3.11.2-cp313-cp313-musllinux_1_2_aarch64.whl", hash = "sha256:07349e88025b9b5c783077bf7a9f401ffbfb07fd20e86ec6fc5b7432c28c2c5e", size = 119201 },
    { url = "https://files.pythonhosted.org/packages/cf/98/a325726b37f7512ed6338e5e65035c3c6505f4e628b09a5daf0419f054ea/orjson-3.11.2-cp313-cp313-musllinux_1_2_armv7l.whl", hash = "sha256:45841fbb79c96441a8c58aa29ffef570c5df9af91f0f7a9572e5505e12412f15", size = 392193 },
    { url = "https://files.pythonhosted.org/packages/cb/4f/a7194f98b0ce1d28190e0c4caa6d091a3fc8d0107ad2209f75c8ba398984/orjson-3.11.2-cp313-cp313-musllinux_1_2_i686.whl", hash = "sha256:13d8d8db6cd8d89d4d4e0f4161acbbb373a4d2a4929e862d1d2119de4aa324ac", size = 134548 },
    { url = "https://files.pythonhosted.org/packages/e8/5e/b84caa2986c3f472dc56343ddb0167797a708a8d5c3be043e1e2677b55df/orjson-3.11.2-cp313-cp313-musllinux_1_2_x86_64.whl", hash = "sha256:51da1ee2178ed09c00d09c1b953e45846bbc16b6420965eb7a913ba209f606d8", size = 123798 },
    { url = "https://files.pythonhosted.org/packages/9c/5b/e398449080ce6b4c8fcadad57e51fa16f65768e1b142ba90b23ac5d10801/orjson-3.11.2-cp313-cp313-win32.whl", hash = "sha256:51dc033df2e4a4c91c0ba4f43247de99b3cbf42ee7a42ee2b2b2f76c8b2f2cb5", size = 124402 },
    { url = "https://files.pythonhosted.org/packages/b3/66/429e4608e124debfc4790bfc37131f6958e59510ba3b542d5fc163be8e5f/orjson-3.11.2-cp313-cp313-win_amd64.whl", hash = "sha256:29d91d74942b7436f29b5d1ed9bcfc3f6ef2d4f7c4997616509004679936650d", size = 119498 },
    { url = "https://files.pythonhosted.org/packages/7b/04/f8b5f317cce7ad3580a9ad12d7e2df0714dfa8a83328ecddd367af802f5b/orjson-3.11.2-cp313-cp313-win_arm64.whl", hash = "sha256:4ca4fb5ac21cd1e48028d4f708b1bb13e39c42d45614befd2ead004a8bba8535", size = 114051 },
    { url = "https://files.pythonhosted.org/packages/74/83/2c363022b26c3c25b3708051a19d12f3374739bb81323f05b284392080c0/orjson-3.11.2-cp314-cp314-macosx_10_15_x86_64.macosx_11_0_arm64.macosx_10_15_universal2.whl", hash = "sha256:3dcba7101ea6a8d4ef060746c0f2e7aa8e2453a1012083e1ecce9726d7554cb7", size = 226406 },
    { url = "https://files.pythonhosted.org/packages/b0/a7/aa3c973de0b33fc93b4bd71691665ffdfeae589ea9d0625584ab10a7d0f5/orjson-3.11.2-cp314-cp314-macosx_15_0_arm64.whl", hash = "sha256:15d17bdb76a142e1f55d91913e012e6e6769659daa6bfef3ef93f11083137e81", size = 115788 },
    { url = "https://files.pythonhosted.org/packages/ef/f2/e45f233dfd09fdbb052ec46352363dca3906618e1a2b264959c18f809d0b/orjson-3.11.2-cp314-cp314-manylinux_2_34_aarch64.whl", hash = "sha256:53c9e81768c69d4b66b8876ec3c8e431c6e13477186d0db1089d82622bccd19f", size = 111318 },
    { url = "https://files.pythonhosted.org/packages/3e/23/cf5a73c4da6987204cbbf93167f353ff0c5013f7c5e5ef845d4663a366da/orjson-3.11.2-cp314-cp314-manylinux_2_34_x86_64.whl", hash = "sha256:d4f13af59a7b84c1ca6b8a7ab70d608f61f7c44f9740cd42409e6ae7b6c8d8b7", size = 121231 },
    { url = "https://files.pythonhosted.org/packages/40/1d/47468a398ae68a60cc21e599144e786e035bb12829cb587299ecebc088f1/orjson-3.11.2-cp314-cp314-musllinux_1_2_aarch64.whl", hash = "sha256:bde64aa469b5ee46cc960ed241fae3721d6a8801dacb2ca3466547a2535951e4", size = 119204 },
    { url = "https://files.pythonhosted.org/packages/4d/d9/f99433d89b288b5bc8836bffb32a643f805e673cf840ef8bab6e73ced0d1/orjson-3.11.2-cp314-cp314-musllinux_1_2_armv7l.whl", hash = "sha256:b5ca86300aeb383c8fa759566aca065878d3d98c3389d769b43f0a2e84d52c5f", size = 392237 },
    { url = "https://files.pythonhosted.org/packages/d4/dc/1b9d80d40cebef603325623405136a29fb7d08c877a728c0943dd066c29a/orjson-3.11.2-cp314-cp314-musllinux_1_2_i686.whl", hash = "sha256:24e32a558ebed73a6a71c8f1cbc163a7dd5132da5270ff3d8eeb727f4b6d1bc7", size = 134578 },
    { url = "https://files.pythonhosted.org/packages/45/b3/72e7a4c5b6485ef4e83ef6aba7f1dd041002bad3eb5d1d106ca5b0fc02c6/orjson-3.11.2-cp314-cp314-musllinux_1_2_x86_64.whl", hash = "sha256:e36319a5d15b97e4344110517450396845cc6789aed712b1fbf83c1bd95792f6", size = 123799 },
    { url = "https://files.pythonhosted.org/packages/c8/3e/a3d76b392e7acf9b34dc277171aad85efd6accc75089bb35b4c614990ea9/orjson-3.11.2-cp314-cp314-win32.whl", hash = "sha256:40193ada63fab25e35703454d65b6afc71dbc65f20041cb46c6d91709141ef7f", size = 124461 },
    { url = "https://files.pythonhosted.org/packages/fb/e3/75c6a596ff8df9e4a5894813ff56695f0a218e6ea99420b4a645c4f7795d/orjson-3.11.2-cp314-cp314-win_amd64.whl", hash = "sha256:7c8ac5f6b682d3494217085cf04dadae66efee45349ad4ee2a1da3c97e2305a8", size = 119494 },
    { url = "https://files.pythonhosted.org/packages/5b/3d/9e74742fc261c5ca473c96bb3344d03995869e1dc6402772c60afb97736a/orjson-3.11.2-cp314-cp314-win_arm64.whl", hash = "sha256:21cf261e8e79284242e4cb1e5924df16ae28255184aafeff19be1405f6d33f67", size = 114046 },
]

[[package]]
name = "ply"
version = "3.11"
source = { registry = "https://pypi.org/simple" }
sdist = { url = "https://files.pythonhosted.org/packages/e5/69/882ee5c9d017149285cab114ebeab373308ef0f874fcdac9beb90e0ac4da/ply-3.11.tar.gz", hash = "sha256:00c7c1aaa88358b9c765b6d3000c6eec0ba42abca5351b095321aef446081da3", size = 159130 }
wheels = [
    { url = "https://files.pythonhosted.org/packages/a3/58/35da89ee790598a0700ea49b2a66594140f44dec458c07e8e3d4979137fc/ply-3.11-py2.py3-none-any.whl", hash = "sha256:096f9b8350b65ebd2fd1346b12452efe5b9607f7482813ffca50c22722a807ce", size = 49567 },
]

[[package]]
name = "zs-parser"
version = "0.2.1"
source = { virtual = "." }
dependencies = [
    { name = "click" },
    { name = "jsonpath-ng" },
    { name = "ndjson" },
    { name = "orjson" },
]

[package.metadata]
requires-dist = [
    { name = "click", specifier = ">=8.2.1" },
    { name = "jsonpath-ng", specifier = ">=1.7.0" },
    { name = "ndjson", specifier = ">=0.3.1" },
    { name = "orjson", specifier = ">=3.11.2" },
]
